
Microsoft Visual Studio Solution File, Format Version 12.00
# Visual Studio 14
VisualStudioVersion = 14.0.24720.0
MinimumVisualStudioVersion = 10.0.40219.1
Project("{FAE04EC0-301F-11D3-BF4B-00C04F79EFBC}") = "CompanyService", "CompanyService\CompanyService.csproj", "{3750DB23-FD2A-4ABE-A35A-1628CED1F00D}"
EndProject
Project("{FAE04EC0-301F-11D3-BF4B-00C04F79EFBC}") = "CompanyServiceHost", "CompanyServiceHost\CompanyServiceHost.csproj", "{034EA351-E57E-4D5A-8BAC-365B0D321665}"
EndProject
Global
	GlobalSection(SolutionConfigurationPlatforms) = preSolution
		Debug|Any CPU = Debug|Any CPU
		Release|Any CPU = Release|Any CPU
	EndGlobalSection
	GlobalSection(ProjectConfigurationPlatforms) = postSolution
		{3750DB23-FD2A-4ABE-A35A-1628CED1F00D}.Debug|Any CPU.ActiveCfg = Debug|Any CPU
		{3750DB23-FD2A-4ABE-A35A-1628CED1F00D}.Debug|Any CPU.Build.0 = Debug|Any CPU
		{3750DB23-FD2A-4ABE-A35A-1628CED1F00D}.Release|Any CPU.ActiveCfg = Release|Any CPU
		{3750DB23-FD2A-4ABE-A35A-1628CED1F00D}.Release|Any CPU.Build.0 = Release|Any CPU
		{034EA351-E57E-4D5A-8BAC-365B0D321665}.Debug|Any CPU.ActiveCfg = Debug|Any CPU
		{034EA351-E57E-4D5A-8BAC-365B0D321665}.Debug|Any CPU.Build.0 = Debug|Any CPU
		{034EA351-E57E-4D5A-8BAC-365B0D321665}.Release|Any CPU.ActiveCfg = Release|Any CPU
		{034EA351-E57E-4D5A-8BAC-365B0D321665}.Release|Any CPU.Build.0 = Release|Any CPU
	EndGlobalSection
	GlobalSection(SolutionProperties) = preSolution
		HideSolutionNode = FALSE
	EndGlobalSection
EndGlobal
